
Microsoft Visual Studio Solution File, Format Version 12.00
# Visual Studio 15
Project("{FAE04EC0-301F-11D3-BF4B-00C04F79EFBC}") = "Assembly-CSharp", "Assembly-CSharp.csproj", "{4D5FC8DF-AD6C-471D-9D5B-32A8468C3DCB}"
EndProject
Project("{FAE04EC0-301F-11D3-BF4B-00C04F79EFBC}") = "Assembly-CSharp-Editor", "Assembly-CSharp-Editor.csproj", "{CEEE34E5-6771-F060-921B-C4C6528B55D0}"
EndProject
Global
	GlobalSection(SolutionConfigurationPlatforms) = preSolution
		Debug|Any CPU = Debug|Any CPU
		Release|Any CPU = Release|Any CPU
	EndGlobalSection
	GlobalSection(ProjectConfigurationPlatforms) = postSolution
		{4D5FC8DF-AD6C-471D-9D5B-32A8468C3DCB}.Debug|Any CPU.ActiveCfg = Debug|Any CPU
		{4D5FC8DF-AD6C-471D-9D5B-32A8468C3DCB}.Debug|Any CPU.Build.0 = Debug|Any CPU
		{4D5FC8DF-AD6C-471D-9D5B-32A8468C3DCB}.Release|Any CPU.ActiveCfg = Release|Any CPU
		{4D5FC8DF-AD6C-471D-9D5B-32A8468C3DCB}.Release|Any CPU.Build.0 = Release|Any CPU
		{CEEE34E5-6771-F060-921B-C4C6528B55D0}.Debug|Any CPU.ActiveCfg = Debug|Any CPU
		{CEEE34E5-6771-F060-921B-C4C6528B55D0}.Debug|Any CPU.Build.0 = Debug|Any CPU
		{CEEE34E5-6771-F060-921B-C4C6528B55D0}.Release|Any CPU.ActiveCfg = Release|Any CPU
		{CEEE34E5-6771-F060-921B-C4C6528B55D0}.Release|Any CPU.Build.0 = Release|Any CPU
	EndGlobalSection
	GlobalSection(SolutionProperties) = preSolution
		HideSolutionNode = FALSE
	EndGlobalSection
EndGlobal
